{
  "requires": true,
  "lockfileVersion": 1,
  "dependencies": {
    "xd-json-wrapper": {
      "version": "1.0.0",
      "resolved": "https://registry.npmjs.org/xd-json-wrapper/-/xd-json-wrapper-1.0.0.tgz",
      "integrity": "sha512-HFqw9f8IrPYaz4FJOJapRSrCmyGfGES73AtwdF+00Okjb00khC4tz/eDGBxhN+limTVkO9pj+UxLPvgtUYsHzA=="
    }
  }
}
